// !$*UTF8*$!
{
	archiveVersion = 1;
	classes = {
	};
	objectVersion = 48;
	objects = {

/* Begin PBXBuildFile section */
		49BB131568FBDF4BDE56D8D8 /* Pods_AutoPass_MVC_Assignment.framework in Frameworks */ = {isa = PBXBuildFile; fileRef = BC66A3065A9E3D2ED130D70E /* Pods_AutoPass_MVC_Assignment.framework */; };
		514B958A209DD6A3000B8D00 /* ParkCell.swift in Sources */ = {isa = PBXBuildFile; fileRef = 514B9588209DD6A3000B8D00 /* ParkCell.swift */; };
		514B958B209DD6A3000B8D00 /* ParkCell.xib in Resources */ = {isa = PBXBuildFile; fileRef = 514B9589209DD6A3000B8D00 /* ParkCell.xib */; };
		514B958E209ED345000B8D00 /* ParkDetailViewController.swift in Sources */ = {isa = PBXBuildFile; fileRef = 514B958D209ED345000B8D00 /* ParkDetailViewController.swift */; };
		514B9591209ED3A3000B8D00 /* RelatedSpotView.swift in Sources */ = {isa = PBXBuildFile; fileRef = 514B958F209ED3A3000B8D00 /* RelatedSpotView.swift */; };
		514B9592209ED3A3000B8D00 /* SimpleSpotView.swift in Sources */ = {isa = PBXBuildFile; fileRef = 514B9590209ED3A3000B8D00 /* SimpleSpotView.swift */; };
		514B9594209ED3F7000B8D00 /* ParkDetailView.swift in Sources */ = {isa = PBXBuildFile; fileRef = 514B9593209ED3F7000B8D00 /* ParkDetailView.swift */; };
		514B9596209ED40F000B8D00 /* SpotDetailView.swift in Sources */ = {isa = PBXBuildFile; fileRef = 514B9595209ED40F000B8D00 /* SpotDetailView.swift */; };
		514B9598209ED5A2000B8D00 /* ParkBasicInfoView.swift in Sources */ = {isa = PBXBuildFile; fileRef = 514B9597209ED5A2000B8D00 /* ParkBasicInfoView.swift */; };
		514B959A209EE721000B8D00 /* GetParkDetail.swift in Sources */ = {isa = PBXBuildFile; fileRef = 514B9599209EE721000B8D00 /* GetParkDetail.swift */; };
		514B959C209EE7C6000B8D00 /* ParkDetailManager.swift in Sources */ = {isa = PBXBuildFile; fileRef = 514B959B209EE7C6000B8D00 /* ParkDetailManager.swift */; };
		51A6B74D209DA0580096D983 /* CellConfigurable.swift in Sources */ = {isa = PBXBuildFile; fileRef = 51A6B74C209DA0580096D983 /* CellConfigurable.swift */; };
		51A6B74F209DA06B0096D983 /* UITableView+Dequeuing.swift in Sources */ = {isa = PBXBuildFile; fileRef = 51A6B74E209DA06B0096D983 /* UITableView+Dequeuing.swift */; };
		51A6B751209DA3740096D983 /* TableViewDataSource.swift in Sources */ = {isa = PBXBuildFile; fileRef = 51A6B750209DA3740096D983 /* TableViewDataSource.swift */; };
		51A6B753209DA5660096D983 /* ParksManager.swift in Sources */ = {isa = PBXBuildFile; fileRef = 51A6B752209DA5660096D983 /* ParksManager.swift */; };
		51A6B755209DA5880096D983 /* ParkCellConfigurator.swift in Sources */ = {isa = PBXBuildFile; fileRef = 51A6B754209DA5880096D983 /* ParkCellConfigurator.swift */; };
		51A6B75B209DB5410096D983 /* ParkListUIController.swift in Sources */ = {isa = PBXBuildFile; fileRef = 51A6B75A209DB5410096D983 /* ParkListUIController.swift */; };
		51A6B75D209DB6880096D983 /* LoadingView.swift in Sources */ = {isa = PBXBuildFile; fileRef = 51A6B75C209DB6880096D983 /* LoadingView.swift */; };
		51B5F153209EEBB90021C2E1 /* ParkDetailUIController.swift in Sources */ = {isa = PBXBuildFile; fileRef = 51B5F152209EEBB90021C2E1 /* ParkDetailUIController.swift */; };
		51B5F155209EEFF60021C2E1 /* ParkSpotList.swift in Sources */ = {isa = PBXBuildFile; fileRef = 51B5F154209EEFF60021C2E1 /* ParkSpotList.swift */; };
		51B5F157209EF01D0021C2E1 /* ParkSpot.swift in Sources */ = {isa = PBXBuildFile; fileRef = 51B5F156209EF01D0021C2E1 /* ParkSpot.swift */; };
		51BE22B9209D78B200FF0867 /* AppDelegate.swift in Sources */ = {isa = PBXBuildFile; fileRef = 51BE22B8209D78B200FF0867 /* AppDelegate.swift */; };
		51BE22BE209D78B200FF0867 /* Main.storyboard in Resources */ = {isa = PBXBuildFile; fileRef = 51BE22BC209D78B200FF0867 /* Main.storyboard */; };
		51BE22C0209D78B200FF0867 /* Assets.xcassets in Resources */ = {isa = PBXBuildFile; fileRef = 51BE22BF209D78B200FF0867 /* Assets.xcassets */; };
		51BE22C3209D78B200FF0867 /* LaunchScreen.storyboard in Resources */ = {isa = PBXBuildFile; fileRef = 51BE22C1209D78B200FF0867 /* LaunchScreen.storyboard */; };
		51BE22E1209D7A3400FF0867 /* Queue.swift in Sources */ = {isa = PBXBuildFile; fileRef = 51BE22CB209D7A3300FF0867 /* Queue.swift */; };
		51BE22E2209D7A3400FF0867 /* CGFloat+Int+UIView.swift in Sources */ = {isa = PBXBuildFile; fileRef = 51BE22CD209D7A3300FF0867 /* CGFloat+Int+UIView.swift */; };
		51BE22E3209D7A3400FF0867 /* CustomColor.swift in Sources */ = {isa = PBXBuildFile; fileRef = 51BE22CE209D7A3300FF0867 /* CustomColor.swift */; };
		51BE22E4209D7A3400FF0867 /* NumberExtension.swift in Sources */ = {isa = PBXBuildFile; fileRef = 51BE22CF209D7A3300FF0867 /* NumberExtension.swift */; };
		51BE22E5209D7A3400FF0867 /* Sequence+GroupBy.swift in Sources */ = {isa = PBXBuildFile; fileRef = 51BE22D0209D7A3300FF0867 /* Sequence+GroupBy.swift */; };
		51BE22E6209D7A3400FF0867 /* SwiftyJSONExtension.swift in Sources */ = {isa = PBXBuildFile; fileRef = 51BE22D1209D7A3300FF0867 /* SwiftyJSONExtension.swift */; };
		51BE22E8209D7A3400FF0867 /* UIViewControllerExtension.swift in Sources */ = {isa = PBXBuildFile; fileRef = 51BE22D3209D7A3300FF0867 /* UIViewControllerExtension.swift */; };
		51BE22E9209D7A3400FF0867 /* UIViewExtension.swift in Sources */ = {isa = PBXBuildFile; fileRef = 51BE22D4209D7A3300FF0867 /* UIViewExtension.swift */; };
		51BE22EA209D7A3400FF0867 /* ColorgyNavigationBar.swift in Sources */ = {isa = PBXBuildFile; fileRef = 51BE22D6209D7A3300FF0867 /* ColorgyNavigationBar.swift */; };
		51BE22EB209D7A3400FF0867 /* ColorgyNavigationTransitioningDelegate.swift in Sources */ = {isa = PBXBuildFile; fileRef = 51BE22D7209D7A3300FF0867 /* ColorgyNavigationTransitioningDelegate.swift */; };
		51BE22EC209D7A3400FF0867 /* Navigable.swift in Sources */ = {isa = PBXBuildFile; fileRef = 51BE22D8209D7A3300FF0867 /* Navigable.swift */; };
		51BE22ED209D7A3400FF0867 /* JSONDecodable.swift in Sources */ = {isa = PBXBuildFile; fileRef = 51BE22DA209D7A3400FF0867 /* JSONDecodable.swift */; };
		51BE22EE209D7A3400FF0867 /* NetworkClient.swift in Sources */ = {isa = PBXBuildFile; fileRef = 51BE22DB209D7A3400FF0867 /* NetworkClient.swift */; };
		51BE22EF209D7A3400FF0867 /* NetworkRequest.swift in Sources */ = {isa = PBXBuildFile; fileRef = 51BE22DC209D7A3400FF0867 /* NetworkRequest.swift */; };
		51BE22F0209D7A3400FF0867 /* RealmError.swift in Sources */ = {isa = PBXBuildFile; fileRef = 51BE22DE209D7A3400FF0867 /* RealmError.swift */; };
		51BE22F1209D7A3400FF0867 /* RealmManager.swift in Sources */ = {isa = PBXBuildFile; fileRef = 51BE22DF209D7A3400FF0867 /* RealmManager.swift */; };
		51BE22F2209D7A3400FF0867 /* RealmObject.swift in Sources */ = {isa = PBXBuildFile; fileRef = 51BE22E0209D7A3400FF0867 /* RealmObject.swift */; };
		51BE22F7209D7DE800FF0867 /* ParkList.swift in Sources */ = {isa = PBXBuildFile; fileRef = 51BE22F3209D7DE700FF0867 /* ParkList.swift */; };
		51BE22F8209D7DE800FF0867 /* Park.swift in Sources */ = {isa = PBXBuildFile; fileRef = 51BE22F5209D7DE700FF0867 /* Park.swift */; };
		51BE22F9209D7DE800FF0867 /* GetParkList.swift in Sources */ = {isa = PBXBuildFile; fileRef = 51BE22F6209D7DE800FF0867 /* GetParkList.swift */; };
		51BE22FB209D7F6D00FF0867 /* MainViewController.swift in Sources */ = {isa = PBXBuildFile; fileRef = 51BE22FA209D7F6D00FF0867 /* MainViewController.swift */; };
		51BE2300209D7FF400FF0867 /* FavoritesViewController.swift in Sources */ = {isa = PBXBuildFile; fileRef = 51BE22FF209D7FF400FF0867 /* FavoritesViewController.swift */; };
		51BE2302209D7FFF00FF0867 /* MapViewController.swift in Sources */ = {isa = PBXBuildFile; fileRef = 51BE2301209D7FFF00FF0867 /* MapViewController.swift */; };
		51BE2304209D800C00FF0867 /* ParkListViewController.swift in Sources */ = {isa = PBXBuildFile; fileRef = 51BE2303209D800C00FF0867 /* ParkListViewController.swift */; };
/* End PBXBuildFile section */

/* Begin PBXFileReference section */
		065DC23FD39E0F87ACB75265 /* Pods-AutoPass-MVC-Assignment.release.xcconfig */ = {isa = PBXFileReference; includeInIndex = 1; lastKnownFileType = text.xcconfig; name = "Pods-AutoPass-MVC-Assignment.release.xcconfig"; path = "Pods/Target Support Files/Pods-AutoPass-MVC-Assignment/Pods-AutoPass-MVC-Assignment.release.xcconfig"; sourceTree = "<group>"; };
		40F92D569DE3E66A3BF82686 /* Pods-AutoPass-MVC-Assignment.debug.xcconfig */ = {isa = PBXFileReference; includeInIndex = 1; lastKnownFileType = text.xcconfig; name = "Pods-AutoPass-MVC-Assignment.debug.xcconfig"; path = "Pods/Target Support Files/Pods-AutoPass-MVC-Assignment/Pods-AutoPass-MVC-Assignment.debug.xcconfig"; sourceTree = "<group>"; };
		514B9588209DD6A3000B8D00 /* ParkCell.swift */ = {isa = PBXFileReference; lastKnownFileType = sourcecode.swift; path = ParkCell.swift; sourceTree = "<group>"; };
		514B9589209DD6A3000B8D00 /* ParkCell.xib */ = {isa = PBXFileReference; lastKnownFileType = file.xib; path = ParkCell.xib; sourceTree = "<group>"; };
		514B958D209ED345000B8D00 /* ParkDetailViewController.swift */ = {isa = PBXFileReference; lastKnownFileType = sourcecode.swift; path = ParkDetailViewController.swift; sourceTree = "<group>"; };
		514B958F209ED3A3000B8D00 /* RelatedSpotView.swift */ = {isa = PBXFileReference; fileEncoding = 4; lastKnownFileType = sourcecode.swift; path = RelatedSpotView.swift; sourceTree = "<group>"; };
		514B9590209ED3A3000B8D00 /* SimpleSpotView.swift */ = {isa = PBXFileReference; fileEncoding = 4; lastKnownFileType = sourcecode.swift; path = SimpleSpotView.swift; sourceTree = "<group>"; };
		514B9593209ED3F7000B8D00 /* ParkDetailView.swift */ = {isa = PBXFileReference; lastKnownFileType = sourcecode.swift; path = ParkDetailView.swift; sourceTree = "<group>"; };
		514B9595209ED40F000B8D00 /* SpotDetailView.swift */ = {isa = PBXFileReference; lastKnownFileType = sourcecode.swift; path = SpotDetailView.swift; sourceTree = "<group>"; };
		514B9597209ED5A2000B8D00 /* ParkBasicInfoView.swift */ = {isa = PBXFileReference; lastKnownFileType = sourcecode.swift; path = ParkBasicInfoView.swift; sourceTree = "<group>"; };
		514B9599209EE721000B8D00 /* GetParkDetail.swift */ = {isa = PBXFileReference; lastKnownFileType = sourcecode.swift; path = GetParkDetail.swift; sourceTree = "<group>"; };
		514B959B209EE7C6000B8D00 /* ParkDetailManager.swift */ = {isa = PBXFileReference; lastKnownFileType = sourcecode.swift; path = ParkDetailManager.swift; sourceTree = "<group>"; };
		51A6B74C209DA0580096D983 /* CellConfigurable.swift */ = {isa = PBXFileReference; lastKnownFileType = sourcecode.swift; path = CellConfigurable.swift; sourceTree = "<group>"; };
		51A6B74E209DA06B0096D983 /* UITableView+Dequeuing.swift */ = {isa = PBXFileReference; lastKnownFileType = sourcecode.swift; path = "UITableView+Dequeuing.swift"; sourceTree = "<group>"; };
		51A6B750209DA3740096D983 /* TableViewDataSource.swift */ = {isa = PBXFileReference; lastKnownFileType = sourcecode.swift; path = TableViewDataSource.swift; sourceTree = "<group>"; };
		51A6B752209DA5660096D983 /* ParksManager.swift */ = {isa = PBXFileReference; lastKnownFileType = sourcecode.swift; path = ParksManager.swift; sourceTree = "<group>"; };
		51A6B754209DA5880096D983 /* ParkCellConfigurator.swift */ = {isa = PBXFileReference; lastKnownFileType = sourcecode.swift; path = ParkCellConfigurator.swift; sourceTree = "<group>"; };
		51A6B75A209DB5410096D983 /* ParkListUIController.swift */ = {isa = PBXFileReference; lastKnownFileType = sourcecode.swift; path = ParkListUIController.swift; sourceTree = "<group>"; };
		51A6B75C209DB6880096D983 /* LoadingView.swift */ = {isa = PBXFileReference; lastKnownFileType = sourcecode.swift; path = LoadingView.swift; sourceTree = "<group>"; };
		51B5F152209EEBB90021C2E1 /* ParkDetailUIController.swift */ = {isa = PBXFileReference; lastKnownFileType = sourcecode.swift; path = ParkDetailUIController.swift; sourceTree = "<group>"; };
		51B5F154209EEFF60021C2E1 /* ParkSpotList.swift */ = {isa = PBXFileReference; lastKnownFileType = sourcecode.swift; path = ParkSpotList.swift; sourceTree = "<group>"; };
		51B5F156209EF01D0021C2E1 /* ParkSpot.swift */ = {isa = PBXFileReference; lastKnownFileType = sourcecode.swift; path = ParkSpot.swift; sourceTree = "<group>"; };
		51BE22B5209D78B200FF0867 /* AutoPass-MVC-Assignment.app */ = {isa = PBXFileReference; explicitFileType = wrapper.application; includeInIndex = 0; path = "AutoPass-MVC-Assignment.app"; sourceTree = BUILT_PRODUCTS_DIR; };
		51BE22B8209D78B200FF0867 /* AppDelegate.swift */ = {isa = PBXFileReference; lastKnownFileType = sourcecode.swift; path = AppDelegate.swift; sourceTree = "<group>"; };
		51BE22BD209D78B200FF0867 /* Base */ = {isa = PBXFileReference; lastKnownFileType = file.storyboard; name = Base; path = Base.lproj/Main.storyboard; sourceTree = "<group>"; };
		51BE22BF209D78B200FF0867 /* Assets.xcassets */ = {isa = PBXFileReference; lastKnownFileType = folder.assetcatalog; path = Assets.xcassets; sourceTree = "<group>"; };
		51BE22C2209D78B200FF0867 /* Base */ = {isa = PBXFileReference; lastKnownFileType = file.storyboard; name = Base; path = Base.lproj/LaunchScreen.storyboard; sourceTree = "<group>"; };
		51BE22C4209D78B200FF0867 /* Info.plist */ = {isa = PBXFileReference; lastKnownFileType = text.plist.xml; path = Info.plist; sourceTree = "<group>"; };
		51BE22CB209D7A3300FF0867 /* Queue.swift */ = {isa = PBXFileReference; fileEncoding = 4; lastKnownFileType = sourcecode.swift; path = Queue.swift; sourceTree = "<group>"; };
		51BE22CD209D7A3300FF0867 /* CGFloat+Int+UIView.swift */ = {isa = PBXFileReference; fileEncoding = 4; lastKnownFileType = sourcecode.swift; path = "CGFloat+Int+UIView.swift"; sourceTree = "<group>"; };
		51BE22CE209D7A3300FF0867 /* CustomColor.swift */ = {isa = PBXFileReference; fileEncoding = 4; lastKnownFileType = sourcecode.swift; path = CustomColor.swift; sourceTree = "<group>"; };
		51BE22CF209D7A3300FF0867 /* NumberExtension.swift */ = {isa = PBXFileReference; fileEncoding = 4; lastKnownFileType = sourcecode.swift; path = NumberExtension.swift; sourceTree = "<group>"; };
		51BE22D0209D7A3300FF0867 /* Sequence+GroupBy.swift */ = {isa = PBXFileReference; fileEncoding = 4; lastKnownFileType = sourcecode.swift; path = "Sequence+GroupBy.swift"; sourceTree = "<group>"; };
		51BE22D1209D7A3300FF0867 /* SwiftyJSONExtension.swift */ = {isa = PBXFileReference; fileEncoding = 4; lastKnownFileType = sourcecode.swift; path = SwiftyJSONExtension.swift; sourceTree = "<group>"; };
		51BE22D3209D7A3300FF0867 /* UIViewControllerExtension.swift */ = {isa = PBXFileReference; fileEncoding = 4; lastKnownFileType = sourcecode.swift; path = UIViewControllerExtension.swift; sourceTree = "<group>"; };
		51BE22D4209D7A3300FF0867 /* UIViewExtension.swift */ = {isa = PBXFileReference; fileEncoding = 4; lastKnownFileType = sourcecode.swift; path = UIViewExtension.swift; sourceTree = "<group>"; };
		51BE22D6209D7A3300FF0867 /* ColorgyNavigationBar.swift */ = {isa = PBXFileReference; fileEncoding = 4; lastKnownFileType = sourcecode.swift; path = ColorgyNavigationBar.swift; sourceTree = "<group>"; };
		51BE22D7209D7A3300FF0867 /* ColorgyNavigationTransitioningDelegate.swift */ = {isa = PBXFileReference; fileEncoding = 4; lastKnownFileType = sourcecode.swift; path = ColorgyNavigationTransitioningDelegate.swift; sourceTree = "<group>"; };
		51BE22D8209D7A3300FF0867 /* Navigable.swift */ = {isa = PBXFileReference; fileEncoding = 4; lastKnownFileType = sourcecode.swift; path = Navigable.swift; sourceTree = "<group>"; };
		51BE22DA209D7A3400FF0867 /* JSONDecodable.swift */ = {isa = PBXFileReference; fileEncoding = 4; lastKnownFileType = sourcecode.swift; path = JSONDecodable.swift; sourceTree = "<group>"; };
		51BE22DB209D7A3400FF0867 /* NetworkClient.swift */ = {isa = PBXFileReference; fileEncoding = 4; lastKnownFileType = sourcecode.swift; path = NetworkClient.swift; sourceTree = "<group>"; };
		51BE22DC209D7A3400FF0867 /* NetworkRequest.swift */ = {isa = PBXFileReference; fileEncoding = 4; lastKnownFileType = sourcecode.swift; path = NetworkRequest.swift; sourceTree = "<group>"; };
		51BE22DE209D7A3400FF0867 /* RealmError.swift */ = {isa = PBXFileReference; fileEncoding = 4; lastKnownFileType = sourcecode.swift; path = RealmError.swift; sourceTree = "<group>"; };
		51BE22DF209D7A3400FF0867 /* RealmManager.swift */ = {isa = PBXFileReference; fileEncoding = 4; lastKnownFileType = sourcecode.swift; path = RealmManager.swift; sourceTree = "<group>"; };
		51BE22E0209D7A3400FF0867 /* RealmObject.swift */ = {isa = PBXFileReference; fileEncoding = 4; lastKnownFileType = sourcecode.swift; path = RealmObject.swift; sourceTree = "<group>"; };
		51BE22F3209D7DE700FF0867 /* ParkList.swift */ = {isa = PBXFileReference; fileEncoding = 4; lastKnownFileType = sourcecode.swift; path = ParkList.swift; sourceTree = "<group>"; };
		51BE22F5209D7DE700FF0867 /* Park.swift */ = {isa = PBXFileReference; fileEncoding = 4; lastKnownFileType = sourcecode.swift; path = Park.swift; sourceTree = "<group>"; };
		51BE22F6209D7DE800FF0867 /* GetParkList.swift */ = {isa = PBXFileReference; fileEncoding = 4; lastKnownFileType = sourcecode.swift; path = GetParkList.swift; sourceTree = "<group>"; };
		51BE22FA209D7F6D00FF0867 /* MainViewController.swift */ = {isa = PBXFileReference; lastKnownFileType = sourcecode.swift; path = MainViewController.swift; sourceTree = "<group>"; };
		51BE22FF209D7FF400FF0867 /* FavoritesViewController.swift */ = {isa = PBXFileReference; lastKnownFileType = sourcecode.swift; path = FavoritesViewController.swift; sourceTree = "<group>"; };
		51BE2301209D7FFF00FF0867 /* MapViewController.swift */ = {isa = PBXFileReference; lastKnownFileType = sourcecode.swift; path = MapViewController.swift; sourceTree = "<group>"; };
		51BE2303209D800C00FF0867 /* ParkListViewController.swift */ = {isa = PBXFileReference; lastKnownFileType = sourcecode.swift; path = ParkListViewController.swift; sourceTree = "<group>"; };
		BC66A3065A9E3D2ED130D70E /* Pods_AutoPass_MVC_Assignment.framework */ = {isa = PBXFileReference; explicitFileType = wrapper.framework; includeInIndex = 0; path = Pods_AutoPass_MVC_Assignment.framework; sourceTree = BUILT_PRODUCTS_DIR; };
/* End PBXFileReference section */

/* Begin PBXFrameworksBuildPhase section */
		51BE22B2209D78B200FF0867 /* Frameworks */ = {
			isa = PBXFrameworksBuildPhase;
			buildActionMask = 2147483647;
			files = (
				49BB131568FBDF4BDE56D8D8 /* Pods_AutoPass_MVC_Assignment.framework in Frameworks */,
			);
			runOnlyForDeploymentPostprocessing = 0;
		};
/* End PBXFrameworksBuildPhase section */

/* Begin PBXGroup section */
		514B958C209ED32F000B8D00 /* ParkDetailView */ = {
			isa = PBXGroup;
			children = (
				514B958D209ED345000B8D00 /* ParkDetailViewController.swift */,
				514B9593209ED3F7000B8D00 /* ParkDetailView.swift */,
				514B9597209ED5A2000B8D00 /* ParkBasicInfoView.swift */,
				514B9595209ED40F000B8D00 /* SpotDetailView.swift */,
				514B958F209ED3A3000B8D00 /* RelatedSpotView.swift */,
				514B9590209ED3A3000B8D00 /* SimpleSpotView.swift */,
				514B9599209EE721000B8D00 /* GetParkDetail.swift */,
				514B959B209EE7C6000B8D00 /* ParkDetailManager.swift */,
				51B5F152209EEBB90021C2E1 /* ParkDetailUIController.swift */,
				51B5F154209EEFF60021C2E1 /* ParkSpotList.swift */,
				51B5F156209EF01D0021C2E1 /* ParkSpot.swift */,
			);
			path = ParkDetailView;
			sourceTree = "<group>";
		};
		51A6B74B209DA0430096D983 /* Generic UI */ = {
			isa = PBXGroup;
			children = (
				51A6B74C209DA0580096D983 /* CellConfigurable.swift */,
				51A6B74E209DA06B0096D983 /* UITableView+Dequeuing.swift */,
				51A6B750209DA3740096D983 /* TableViewDataSource.swift */,
			);
			path = "Generic UI";
			sourceTree = "<group>";
		};
		51BE22AC209D78B200FF0867 = {
			isa = PBXGroup;
			children = (
				51BE22B7209D78B200FF0867 /* AutoPass-MVC-Assignment */,
				51BE22B6209D78B200FF0867 /* Products */,
				8395048A5AE7E55C0275ED69 /* Pods */,
				71A8C6A23E0909D42CF46D11 /* Frameworks */,
			);
			sourceTree = "<group>";
		};
		51BE22B6209D78B200FF0867 /* Products */ = {
			isa = PBXGroup;
			children = (
				51BE22B5209D78B200FF0867 /* AutoPass-MVC-Assignment.app */,
			);
			name = Products;
			sourceTree = "<group>";
		};
		51BE22B7209D78B200FF0867 /* AutoPass-MVC-Assignment */ = {
			isa = PBXGroup;
			children = (
				51BE22CC209D7A3300FF0867 /* Extensions */,
				51BE22CA209D7A3300FF0867 /* Helper */,
				51BE22D5209D7A3300FF0867 /* Navigation */,
				51BE22D9209D7A3400FF0867 /* Networking */,
				51BE22DD209D7A3400FF0867 /* Realm */,
				51BE22B8209D78B200FF0867 /* AppDelegate.swift */,
				51BE22FA209D7F6D00FF0867 /* MainViewController.swift */,
				51A6B74B209DA0430096D983 /* Generic UI */,
				51BE22FE209D7FCD00FF0867 /* FavoritesView */,
				51BE22FD209D7FC500FF0867 /* MapView */,
				51BE22FC209D7FB200FF0867 /* ParkListView */,
				51BE22F4209D7DE700FF0867 /* Model */,
				51BE22BC209D78B200FF0867 /* Main.storyboard */,
				51BE22BF209D78B200FF0867 /* Assets.xcassets */,
				51BE22C1209D78B200FF0867 /* LaunchScreen.storyboard */,
				51BE22C4209D78B200FF0867 /* Info.plist */,
			);
			path = "AutoPass-MVC-Assignment";
			sourceTree = "<group>";
		};
		51BE22CA209D7A3300FF0867 /* Helper */ = {
			isa = PBXGroup;
			children = (
				51BE22CB209D7A3300FF0867 /* Queue.swift */,
			);
			path = Helper;
			sourceTree = "<group>";
		};
		51BE22CC209D7A3300FF0867 /* Extensions */ = {
			isa = PBXGroup;
			children = (
				51BE22CD209D7A3300FF0867 /* CGFloat+Int+UIView.swift */,
				51BE22CE209D7A3300FF0867 /* CustomColor.swift */,
				51BE22CF209D7A3300FF0867 /* NumberExtension.swift */,
				51BE22D0209D7A3300FF0867 /* Sequence+GroupBy.swift */,
				51BE22D1209D7A3300FF0867 /* SwiftyJSONExtension.swift */,
				51BE22D3209D7A3300FF0867 /* UIViewControllerExtension.swift */,
				51BE22D4209D7A3300FF0867 /* UIViewExtension.swift */,
			);
			path = Extensions;
			sourceTree = "<group>";
		};
		51BE22D5209D7A3300FF0867 /* Navigation */ = {
			isa = PBXGroup;
			children = (
				51BE22D6209D7A3300FF0867 /* ColorgyNavigationBar.swift */,
				51BE22D7209D7A3300FF0867 /* ColorgyNavigationTransitioningDelegate.swift */,
				51BE22D8209D7A3300FF0867 /* Navigable.swift */,
			);
			path = Navigation;
			sourceTree = "<group>";
		};
		51BE22D9209D7A3400FF0867 /* Networking */ = {
			isa = PBXGroup;
			children = (
				51BE22DA209D7A3400FF0867 /* JSONDecodable.swift */,
				51BE22DB209D7A3400FF0867 /* NetworkClient.swift */,
				51BE22DC209D7A3400FF0867 /* NetworkRequest.swift */,
			);
			path = Networking;
			sourceTree = "<group>";
		};
		51BE22DD209D7A3400FF0867 /* Realm */ = {
			isa = PBXGroup;
			children = (
				51BE22DE209D7A3400FF0867 /* RealmError.swift */,
				51BE22DF209D7A3400FF0867 /* RealmManager.swift */,
				51BE22E0209D7A3400FF0867 /* RealmObject.swift */,
			);
			path = Realm;
			sourceTree = "<group>";
		};
		51BE22F4209D7DE700FF0867 /* Model */ = {
			isa = PBXGroup;
			children = (
				51BE22F3209D7DE700FF0867 /* ParkList.swift */,
				51BE22F5209D7DE700FF0867 /* Park.swift */,
			);
			path = Model;
			sourceTree = "<group>";
		};
		51BE22FC209D7FB200FF0867 /* ParkListView */ = {
			isa = PBXGroup;
			children = (
				514B958C209ED32F000B8D00 /* ParkDetailView */,
				51BE2303209D800C00FF0867 /* ParkListViewController.swift */,
				51A6B752209DA5660096D983 /* ParksManager.swift */,
				51A6B75A209DB5410096D983 /* ParkListUIController.swift */,
				51A6B754209DA5880096D983 /* ParkCellConfigurator.swift */,
				51BE22F6209D7DE800FF0867 /* GetParkList.swift */,
				514B9588209DD6A3000B8D00 /* ParkCell.swift */,
				514B9589209DD6A3000B8D00 /* ParkCell.xib */,
				51A6B75C209DB6880096D983 /* LoadingView.swift */,
			);
			path = ParkListView;
			sourceTree = "<group>";
		};
		51BE22FD209D7FC500FF0867 /* MapView */ = {
			isa = PBXGroup;
			children = (
				51BE2301209D7FFF00FF0867 /* MapViewController.swift */,
			);
			path = MapView;
			sourceTree = "<group>";
		};
		51BE22FE209D7FCD00FF0867 /* FavoritesView */ = {
			isa = PBXGroup;
			children = (
				51BE22FF209D7FF400FF0867 /* FavoritesViewController.swift */,
			);
			path = FavoritesView;
			sourceTree = "<group>";
		};
		71A8C6A23E0909D42CF46D11 /* Frameworks */ = {
			isa = PBXGroup;
			children = (
				BC66A3065A9E3D2ED130D70E /* Pods_AutoPass_MVC_Assignment.framework */,
			);
			name = Frameworks;
			sourceTree = "<group>";
		};
		8395048A5AE7E55C0275ED69 /* Pods */ = {
			isa = PBXGroup;
			children = (
				40F92D569DE3E66A3BF82686 /* Pods-AutoPass-MVC-Assignment.debug.xcconfig */,
				065DC23FD39E0F87ACB75265 /* Pods-AutoPass-MVC-Assignment.release.xcconfig */,
			);
			name = Pods;
			sourceTree = "<group>";
		};
/* End PBXGroup section */

/* Begin PBXNativeTarget section */
		51BE22B4209D78B200FF0867 /* AutoPass-MVC-Assignment */ = {
			isa = PBXNativeTarget;
			buildConfigurationList = 51BE22C7209D78B200FF0867 /* Build configuration list for PBXNativeTarget "AutoPass-MVC-Assignment" */;
			buildPhases = (
				7D8EF2AD32DF51AAED25595B /* [CP] Check Pods Manifest.lock */,
				51BE22B1209D78B200FF0867 /* Sources */,
				51BE22B2209D78B200FF0867 /* Frameworks */,
				51BE22B3209D78B200FF0867 /* Resources */,
				E1B43C42D9DE962ECC9A6A3A /* [CP] Embed Pods Frameworks */,
				6A96008C5E1CEAB103D62002 /* [CP] Copy Pods Resources */,
			);
			buildRules = (
			);
			dependencies = (
			);
			name = "AutoPass-MVC-Assignment";
			productName = "AutoPass-MVC-Assignment";
			productReference = 51BE22B5209D78B200FF0867 /* AutoPass-MVC-Assignment.app */;
			productType = "com.apple.product-type.application";
		};
/* End PBXNativeTarget section */

/* Begin PBXProject section */
		51BE22AD209D78B200FF0867 /* Project object */ = {
			isa = PBXProject;
			attributes = {
				LastSwiftUpdateCheck = 0900;
				LastUpgradeCheck = 0900;
				ORGANIZATIONNAME = "廖慶麟";
				TargetAttributes = {
					51BE22B4209D78B200FF0867 = {
						CreatedOnToolsVersion = 9.0.1;
						ProvisioningStyle = Automatic;
					};
				};
			};
			buildConfigurationList = 51BE22B0209D78B200FF0867 /* Build configuration list for PBXProject "AutoPass-MVC-Assignment" */;
			compatibilityVersion = "Xcode 8.0";
			developmentRegion = en;
			hasScannedForEncodings = 0;
			knownRegions = (
				en,
				Base,
			);
			mainGroup = 51BE22AC209D78B200FF0867;
			productRefGroup = 51BE22B6209D78B200FF0867 /* Products */;
			projectDirPath = "";
			projectRoot = "";
			targets = (
				51BE22B4209D78B200FF0867 /* AutoPass-MVC-Assignment */,
			);
		};
/* End PBXProject section */

/* Begin PBXResourcesBuildPhase section */
		51BE22B3209D78B200FF0867 /* Resources */ = {
			isa = PBXResourcesBuildPhase;
			buildActionMask = 2147483647;
			files = (
				51BE22C3209D78B200FF0867 /* LaunchScreen.storyboard in Resources */,
				51BE22C0209D78B200FF0867 /* Assets.xcassets in Resources */,
				51BE22BE209D78B200FF0867 /* Main.storyboard in Resources */,
				514B958B209DD6A3000B8D00 /* ParkCell.xib in Resources */,
			);
			runOnlyForDeploymentPostprocessing = 0;
		};
/* End PBXResourcesBuildPhase section */

/* Begin PBXShellScriptBuildPhase section */
		6A96008C5E1CEAB103D62002 /* [CP] Copy Pods Resources */ = {
			isa = PBXShellScriptBuildPhase;
			buildActionMask = 2147483647;
			files = (
			);
			inputPaths = (
			);
			name = "[CP] Copy Pods Resources";
			outputPaths = (
			);
			runOnlyForDeploymentPostprocessing = 0;
			shellPath = /bin/sh;
			shellScript = "\"${SRCROOT}/Pods/Target Support Files/Pods-AutoPass-MVC-Assignment/Pods-AutoPass-MVC-Assignment-resources.sh\"\n";
			showEnvVarsInLog = 0;
		};
		7D8EF2AD32DF51AAED25595B /* [CP] Check Pods Manifest.lock */ = {
			isa = PBXShellScriptBuildPhase;
			buildActionMask = 2147483647;
			files = (
			);
			inputPaths = (
				"${PODS_PODFILE_DIR_PATH}/Podfile.lock",
				"${PODS_ROOT}/Manifest.lock",
			);
			name = "[CP] Check Pods Manifest.lock";
			outputPaths = (
				"$(DERIVED_FILE_DIR)/Pods-AutoPass-MVC-Assignment-checkManifestLockResult.txt",
			);
			runOnlyForDeploymentPostprocessing = 0;
			shellPath = /bin/sh;
			shellScript = "diff \"${PODS_PODFILE_DIR_PATH}/Podfile.lock\" \"${PODS_ROOT}/Manifest.lock\" > /dev/null\nif [ $? != 0 ] ; then\n    # print error to STDERR\n    echo \"error: The sandbox is not in sync with the Podfile.lock. Run 'pod install' or update your CocoaPods installation.\" >&2\n    exit 1\nfi\n# This output is used by Xcode 'outputs' to avoid re-running this script phase.\necho \"SUCCESS\" > \"${SCRIPT_OUTPUT_FILE_0}\"\n";
			showEnvVarsInLog = 0;
		};
		E1B43C42D9DE962ECC9A6A3A /* [CP] Embed Pods Frameworks */ = {
			isa = PBXShellScriptBuildPhase;
			buildActionMask = 2147483647;
			files = (
			);
			inputPaths = (
				"${SRCROOT}/Pods/Target Support Files/Pods-AutoPass-MVC-Assignment/Pods-AutoPass-MVC-Assignment-frameworks.sh",
				"${BUILT_PRODUCTS_DIR}/Alamofire/Alamofire.framework",
				"${BUILT_PRODUCTS_DIR}/PromiseKit/PromiseKit.framework",
				"${BUILT_PRODUCTS_DIR}/Realm/Realm.framework",
				"${BUILT_PRODUCTS_DIR}/RealmSwift/RealmSwift.framework",
				"${BUILT_PRODUCTS_DIR}/RxCocoa/RxCocoa.framework",
				"${BUILT_PRODUCTS_DIR}/RxSwift/RxSwift.framework",
				"${BUILT_PRODUCTS_DIR}/SDWebImage/SDWebImage.framework",
				"${BUILT_PRODUCTS_DIR}/SnapKit/SnapKit.framework",
				"${BUILT_PRODUCTS_DIR}/SwiftyJSON/SwiftyJSON.framework",
			);
			name = "[CP] Embed Pods Frameworks";
			outputPaths = (
				"${TARGET_BUILD_DIR}/${FRAMEWORKS_FOLDER_PATH}/Alamofire.framework",
				"${TARGET_BUILD_DIR}/${FRAMEWORKS_FOLDER_PATH}/PromiseKit.framework",
				"${TARGET_BUILD_DIR}/${FRAMEWORKS_FOLDER_PATH}/Realm.framework",
				"${TARGET_BUILD_DIR}/${FRAMEWORKS_FOLDER_PATH}/RealmSwift.framework",
				"${TARGET_BUILD_DIR}/${FRAMEWORKS_FOLDER_PATH}/RxCocoa.framework",
				"${TARGET_BUILD_DIR}/${FRAMEWORKS_FOLDER_PATH}/RxSwift.framework",
				"${TARGET_BUILD_DIR}/${FRAMEWORKS_FOLDER_PATH}/SDWebImage.framework",
				"${TARGET_BUILD_DIR}/${FRAMEWORKS_FOLDER_PATH}/SnapKit.framework",
				"${TARGET_BUILD_DIR}/${FRAMEWORKS_FOLDER_PATH}/SwiftyJSON.framework",
			);
			runOnlyForDeploymentPostprocessing = 0;
			shellPath = /bin/sh;
			shellScript = "\"${SRCROOT}/Pods/Target Support Files/Pods-AutoPass-MVC-Assignment/Pods-AutoPass-MVC-Assignment-frameworks.sh\"\n";
			showEnvVarsInLog = 0;
		};
/* End PBXShellScriptBuildPhase section */

/* Begin PBXSourcesBuildPhase section */
		51BE22B1209D78B200FF0867 /* Sources */ = {
			isa = PBXSourcesBuildPhase;
			buildActionMask = 2147483647;
			files = (
				51BE22EC209D7A3400FF0867 /* Navigable.swift in Sources */,
				51A6B75B209DB5410096D983 /* ParkListUIController.swift in Sources */,
				51BE22E6209D7A3400FF0867 /* SwiftyJSONExtension.swift in Sources */,
				51A6B74D209DA0580096D983 /* CellConfigurable.swift in Sources */,
				51A6B755209DA5880096D983 /* ParkCellConfigurator.swift in Sources */,
				51BE22E9209D7A3400FF0867 /* UIViewExtension.swift in Sources */,
				514B9592209ED3A3000B8D00 /* SimpleSpotView.swift in Sources */,
				514B959A209EE721000B8D00 /* GetParkDetail.swift in Sources */,
				51A6B74F209DA06B0096D983 /* UITableView+Dequeuing.swift in Sources */,
				514B9591209ED3A3000B8D00 /* RelatedSpotView.swift in Sources */,
				51BE22F7209D7DE800FF0867 /* ParkList.swift in Sources */,
				51BE22E8209D7A3400FF0867 /* UIViewControllerExtension.swift in Sources */,
				51BE22E2209D7A3400FF0867 /* CGFloat+Int+UIView.swift in Sources */,
				51BE22F8209D7DE800FF0867 /* Park.swift in Sources */,
				51BE22ED209D7A3400FF0867 /* JSONDecodable.swift in Sources */,
				51BE2302209D7FFF00FF0867 /* MapViewController.swift in Sources */,
				51BE22EE209D7A3400FF0867 /* NetworkClient.swift in Sources */,
				51A6B75D209DB6880096D983 /* LoadingView.swift in Sources */,
				51BE22F9209D7DE800FF0867 /* GetParkList.swift in Sources */,
				51BE2300209D7FF400FF0867 /* FavoritesViewController.swift in Sources */,
				51BE22F2209D7A3400FF0867 /* RealmObject.swift in Sources */,
				51BE22F0209D7A3400FF0867 /* RealmError.swift in Sources */,
				514B9598209ED5A2000B8D00 /* ParkBasicInfoView.swift in Sources */,
				51BE22EB209D7A3400FF0867 /* ColorgyNavigationTransitioningDelegate.swift in Sources */,
				51BE22EA209D7A3400FF0867 /* ColorgyNavigationBar.swift in Sources */,
				51BE22FB209D7F6D00FF0867 /* MainViewController.swift in Sources */,
				51B5F153209EEBB90021C2E1 /* ParkDetailUIController.swift in Sources */,
				51BE22F1209D7A3400FF0867 /* RealmManager.swift in Sources */,
				514B959C209EE7C6000B8D00 /* ParkDetailManager.swift in Sources */,
				51B5F155209EEFF60021C2E1 /* ParkSpotList.swift in Sources */,
				514B958A209DD6A3000B8D00 /* ParkCell.swift in Sources */,
				51BE22E4209D7A3400FF0867 /* NumberExtension.swift in Sources */,
				51BE22E1209D7A3400FF0867 /* Queue.swift in Sources */,
				51B5F157209EF01D0021C2E1 /* ParkSpot.swift in Sources */,
				51BE2304209D800C00FF0867 /* ParkListViewController.swift in Sources */,
				51BE22E5209D7A3400FF0867 /* Sequence+GroupBy.swift in Sources */,
				514B9594209ED3F7000B8D00 /* ParkDetailView.swift in Sources */,
				514B9596209ED40F000B8D00 /* SpotDetailView.swift in Sources */,
				51BE22E3209D7A3400FF0867 /* CustomColor.swift in Sources */,
				514B958E209ED345000B8D00 /* ParkDetailViewController.swift in Sources */,
				51BE22B9209D78B200FF0867 /* AppDelegate.swift in Sources */,
				51BE22EF209D7A3400FF0867 /* NetworkRequest.swift in Sources */,
				51A6B751209DA3740096D983 /* TableViewDataSource.swift in Sources */,
				51A6B753209DA5660096D983 /* ParksManager.swift in Sources */,
			);
			runOnlyForDeploymentPostprocessing = 0;
		};
/* End PBXSourcesBuildPhase section */

/* Begin PBXVariantGroup section */
		51BE22BC209D78B200FF0867 /* Main.storyboard */ = {
			isa = PBXVariantGroup;
			children = (
				51BE22BD209D78B200FF0867 /* Base */,
			);
			name = Main.storyboard;
			sourceTree = "<group>";
		};
		51BE22C1209D78B200FF0867 /* LaunchScreen.storyboard */ = {
			isa = PBXVariantGroup;
			children = (
				51BE22C2209D78B200FF0867 /* Base */,
			);
			name = LaunchScreen.storyboard;
			sourceTree = "<group>";
		};
/* End PBXVariantGroup section */

/* Begin XCBuildConfiguration section */
		51BE22C5209D78B200FF0867 /* Debug */ = {
			isa = XCBuildConfiguration;
			buildSettings = {
				ALWAYS_SEARCH_USER_PATHS = NO;
				CLANG_ANALYZER_NONNULL = YES;
				CLANG_ANALYZER_NUMBER_OBJECT_CONVERSION = YES_AGGRESSIVE;
				CLANG_CXX_LANGUAGE_STANDARD = "gnu++14";
				CLANG_CXX_LIBRARY = "libc++";
				CLANG_ENABLE_MODULES = YES;
				CLANG_ENABLE_OBJC_ARC = YES;
				CLANG_WARN_BLOCK_CAPTURE_AUTORELEASING = YES;
				CLANG_WARN_BOOL_CONVERSION = YES;
				CLANG_WARN_COMMA = YES;
				CLANG_WARN_CONSTANT_CONVERSION = YES;
				CLANG_WARN_DIRECT_OBJC_ISA_USAGE = YES_ERROR;
				CLANG_WARN_DOCUMENTATION_COMMENTS = YES;
				CLANG_WARN_EMPTY_BODY = YES;
				CLANG_WARN_ENUM_CONVERSION = YES;
				CLANG_WARN_INFINITE_RECURSION = YES;
				CLANG_WARN_INT_CONVERSION = YES;
				CLANG_WARN_NON_LITERAL_NULL_CONVERSION = YES;
				CLANG_WARN_OBJC_LITERAL_CONVERSION = YES;
				CLANG_WARN_OBJC_ROOT_CLASS = YES_ERROR;
				CLANG_WARN_RANGE_LOOP_ANALYSIS = YES;
				CLANG_WARN_STRICT_PROTOTYPES = YES;
				CLANG_WARN_SUSPICIOUS_MOVE = YES;
				CLANG_WARN_UNGUARDED_AVAILABILITY = YES_AGGRESSIVE;
				CLANG_WARN_UNREACHABLE_CODE = YES;
				CLANG_WARN__DUPLICATE_METHOD_MATCH = YES;
				CODE_SIGN_IDENTITY = "iPhone Developer";
				COPY_PHASE_STRIP = NO;
				DEBUG_INFORMATION_FORMAT = dwarf;
				ENABLE_STRICT_OBJC_MSGSEND = YES;
				ENABLE_TESTABILITY = YES;
				GCC_C_LANGUAGE_STANDARD = gnu11;
				GCC_DYNAMIC_NO_PIC = NO;
				GCC_NO_COMMON_BLOCKS = YES;
				GCC_OPTIMIZATION_LEVEL = 0;
				GCC_PREPROCESSOR_DEFINITIONS = (
					"DEBUG=1",
					"$(inherited)",
				);
				GCC_WARN_64_TO_32_BIT_CONVERSION = YES;
				GCC_WARN_ABOUT_RETURN_TYPE = YES_ERROR;
				GCC_WARN_UNDECLARED_SELECTOR = YES;
				GCC_WARN_UNINITIALIZED_AUTOS = YES_AGGRESSIVE;
				GCC_WARN_UNUSED_FUNCTION = YES;
				GCC_WARN_UNUSED_VARIABLE = YES;
				IPHONEOS_DEPLOYMENT_TARGET = 11.0;
				MTL_ENABLE_DEBUG_INFO = YES;
				ONLY_ACTIVE_ARCH = YES;
				SDKROOT = iphoneos;
				SWIFT_ACTIVE_COMPILATION_CONDITIONS = DEBUG;
				SWIFT_OPTIMIZATION_LEVEL = "-Onone";
			};
			name = Debug;
		};
		51BE22C6209D78B200FF0867 /* Release */ = {
			isa = XCBuildConfiguration;
			buildSettings = {
				ALWAYS_SEARCH_USER_PATHS = NO;
				CLANG_ANALYZER_NONNULL = YES;
				CLANG_ANALYZER_NUMBER_OBJECT_CONVERSION = YES_AGGRESSIVE;
				CLANG_CXX_LANGUAGE_STANDARD = "gnu++14";
				CLANG_CXX_LIBRARY = "libc++";
				CLANG_ENABLE_MODULES = YES;
				CLANG_ENABLE_OBJC_ARC = YES;
				CLANG_WARN_BLOCK_CAPTURE_AUTORELEASING = YES;
				CLANG_WARN_BOOL_CONVERSION = YES;
				CLANG_WARN_COMMA = YES;
				CLANG_WARN_CONSTANT_CONVERSION = YES;
				CLANG_WARN_DIRECT_OBJC_ISA_USAGE = YES_ERROR;
				CLANG_WARN_DOCUMENTATION_COMMENTS = YES;
				CLANG_WARN_EMPTY_BODY = YES;
				CLANG_WARN_ENUM_CONVERSION = YES;
				CLANG_WARN_INFINITE_RECURSION = YES;
				CLANG_WARN_INT_CONVERSION = YES;
				CLANG_WARN_NON_LITERAL_NULL_CONVERSION = YES;
				CLANG_WARN_OBJC_LITERAL_CONVERSION = YES;
				CLANG_WARN_OBJC_ROOT_CLASS = YES_ERROR;
				CLANG_WARN_RANGE_LOOP_ANALYSIS = YES;
				CLANG_WARN_STRICT_PROTOTYPES = YES;
				CLANG_WARN_SUSPICIOUS_MOVE = YES;
				CLANG_WARN_UNGUARDED_AVAILABILITY = YES_AGGRESSIVE;
				CLANG_WARN_UNREACHABLE_CODE = YES;
				CLANG_WARN__DUPLICATE_METHOD_MATCH = YES;
				CODE_SIGN_IDENTITY = "iPhone Developer";
				COPY_PHASE_STRIP = NO;
				DEBUG_INFORMATION_FORMAT = "dwarf-with-dsym";
				ENABLE_NS_ASSERTIONS = NO;
				ENABLE_STRICT_OBJC_MSGSEND = YES;
				GCC_C_LANGUAGE_STANDARD = gnu11;
				GCC_NO_COMMON_BLOCKS = YES;
				GCC_WARN_64_TO_32_BIT_CONVERSION = YES;
				GCC_WARN_ABOUT_RETURN_TYPE = YES_ERROR;
				GCC_WARN_UNDECLARED_SELECTOR = YES;
				GCC_WARN_UNINITIALIZED_AUTOS = YES_AGGRESSIVE;
				GCC_WARN_UNUSED_FUNCTION = YES;
				GCC_WARN_UNUSED_VARIABLE = YES;
				IPHONEOS_DEPLOYMENT_TARGET = 11.0;
				MTL_ENABLE_DEBUG_INFO = NO;
				SDKROOT = iphoneos;
				SWIFT_OPTIMIZATION_LEVEL = "-Owholemodule";
				VALIDATE_PRODUCT = YES;
			};
			name = Release;
		};
		51BE22C8209D78B200FF0867 /* Debug */ = {
			isa = XCBuildConfiguration;
			baseConfigurationReference = 40F92D569DE3E66A3BF82686 /* Pods-AutoPass-MVC-Assignment.debug.xcconfig */;
			buildSettings = {
				ASSETCATALOG_COMPILER_APPICON_NAME = AppIcon;
				CODE_SIGN_STYLE = Automatic;
				DEVELOPMENT_TEAM = AHN8S2U42A;
				INFOPLIST_FILE = "AutoPass-MVC-Assignment/Info.plist";
				LD_RUNPATH_SEARCH_PATHS = "$(inherited) @executable_path/Frameworks";
				PRODUCT_BUNDLE_IDENTIFIER = "website.billyliao.AutoPass-MVC-Assignment";
				PRODUCT_NAME = "$(TARGET_NAME)";
				SWIFT_VERSION = 4.0;
				TARGETED_DEVICE_FAMILY = "1,2";
			};
			name = Debug;
		};
		51BE22C9209D78B200FF0867 /* Release */ = {
			isa = XCBuildConfiguration;
			baseConfigurationReference = 065DC23FD39E0F87ACB75265 /* Pods-AutoPass-MVC-Assignment.release.xcconfig */;
			buildSettings = {
				ASSETCATALOG_COMPILER_APPICON_NAME = AppIcon;
				CODE_SIGN_STYLE = Automatic;
				DEVELOPMENT_TEAM = AHN8S2U42A;
				INFOPLIST_FILE = "AutoPass-MVC-Assignment/Info.plist";
				LD_RUNPATH_SEARCH_PATHS = "$(inherited) @executable_path/Frameworks";
				PRODUCT_BUNDLE_IDENTIFIER = "website.billyliao.AutoPass-MVC-Assignment";
				PRODUCT_NAME = "$(TARGET_NAME)";
				SWIFT_VERSION = 4.0;
				TARGETED_DEVICE_FAMILY = "1,2";
			};
			name = Release;
		};
/* End XCBuildConfiguration section */

/* Begin XCConfigurationList section */
		51BE22B0209D78B200FF0867 /* Build configuration list for PBXProject "AutoPass-MVC-Assignment" */ = {
			isa = XCConfigurationList;
			buildConfigurations = (
				51BE22C5209D78B200FF0867 /* Debug */,
				51BE22C6209D78B200FF0867 /* Release */,
			);
			defaultConfigurationIsVisible = 0;
			defaultConfigurationName = Release;
		};
		51BE22C7209D78B200FF0867 /* Build configuration list for PBXNativeTarget "AutoPass-MVC-Assignment" */ = {
			isa = XCConfigurationList;
			buildConfigurations = (
				51BE22C8209D78B200FF0867 /* Debug */,
				51BE22C9209D78B200FF0867 /* Release */,
			);
			defaultConfigurationIsVisible = 0;
			defaultConfigurationName = Release;
		};
/* End XCConfigurationList section */
	};
	rootObject = 51BE22AD209D78B200FF0867 /* Project object */;
}
